// !$*UTF8*$!
{
	archiveVersion = 1;
	classes = {
	};
	objectVersion = 51;
	objects = {

/* Begin PBXBuildFile section */
		B8AB233D22951E6C0067FEF0 /* TransactionViewController.swift in Sources */ = {isa = PBXBuildFile; fileRef = B8AB233C22951E6C0067FEF0 /* TransactionViewController.swift */; };
		B8AB233F22952F3C0067FEF0 /* NewsViewController.swift in Sources */ = {isa = PBXBuildFile; fileRef = B8AB233E22952F3C0067FEF0 /* NewsViewController.swift */; };
		B8EE12A8228D389B00E75E02 /* AppDelegate.swift in Sources */ = {isa = PBXBuildFile; fileRef = B8EE12A7228D389B00E75E02 /* AppDelegate.swift */; };
		B8EE12AA228D389B00E75E02 /* ViewController.swift in Sources */ = {isa = PBXBuildFile; fileRef = B8EE12A9228D389B00E75E02 /* ViewController.swift */; };
		B8EE12AD228D389B00E75E02 /* Main.storyboard in Resources */ = {isa = PBXBuildFile; fileRef = B8EE12AB228D389B00E75E02 /* Main.storyboard */; };
		B8EE12AF228D389C00E75E02 /* Assets.xcassets in Resources */ = {isa = PBXBuildFile; fileRef = B8EE12AE228D389C00E75E02 /* Assets.xcassets */; };
		B8EE12B2228D389C00E75E02 /* LaunchScreen.storyboard in Resources */ = {isa = PBXBuildFile; fileRef = B8EE12B0228D389C00E75E02 /* LaunchScreen.storyboard */; };
/* End PBXBuildFile section */

/* Begin PBXFileReference section */
		5D8EA0CF8AD06FF1FF9947AF /* Pods-CryptoTracker.debug.xcconfig */ = {isa = PBXFileReference; includeInIndex = 1; lastKnownFileType = text.xcconfig; name = "Pods-CryptoTracker.debug.xcconfig"; path = "Target Support Files/Pods-CryptoTracker/Pods-CryptoTracker.debug.xcconfig"; sourceTree = "<group>"; };
		B8AB233C22951E6C0067FEF0 /* TransactionViewController.swift */ = {isa = PBXFileReference; lastKnownFileType = sourcecode.swift; path = TransactionViewController.swift; sourceTree = "<group>"; };
		B8AB233E22952F3C0067FEF0 /* NewsViewController.swift */ = {isa = PBXFileReference; lastKnownFileType = sourcecode.swift; path = NewsViewController.swift; sourceTree = "<group>"; };
		B8EE12A4228D389B00E75E02 /* CryptoTracker.app */ = {isa = PBXFileReference; explicitFileType = wrapper.application; includeInIndex = 0; path = CryptoTracker.app; sourceTree = BUILT_PRODUCTS_DIR; };
		B8EE12A7228D389B00E75E02 /* AppDelegate.swift */ = {isa = PBXFileReference; lastKnownFileType = sourcecode.swift; path = AppDelegate.swift; sourceTree = "<group>"; };
		B8EE12A9228D389B00E75E02 /* ViewController.swift */ = {isa = PBXFileReference; lastKnownFileType = sourcecode.swift; path = ViewController.swift; sourceTree = "<group>"; };
		B8EE12AC228D389B00E75E02 /* Base */ = {isa = PBXFileReference; lastKnownFileType = file.storyboard; name = Base; path = Base.lproj/Main.storyboard; sourceTree = "<group>"; };
		B8EE12AE228D389C00E75E02 /* Assets.xcassets */ = {isa = PBXFileReference; lastKnownFileType = folder.assetcatalog; path = Assets.xcassets; sourceTree = "<group>"; };
		B8EE12B1228D389C00E75E02 /* Base */ = {isa = PBXFileReference; lastKnownFileType = file.storyboard; name = Base; path = Base.lproj/LaunchScreen.storyboard; sourceTree = "<group>"; };
		B8EE12B3228D389C00E75E02 /* Info.plist */ = {isa = PBXFileReference; lastKnownFileType = text.plist.xml; path = Info.plist; sourceTree = "<group>"; };
		E078CDE6D1C8537F0D6D988E /* Pods-CryptoTracker.release.xcconfig */ = {isa = PBXFileReference; includeInIndex = 1; lastKnownFileType = text.xcconfig; name = "Pods-CryptoTracker.release.xcconfig"; path = "Target Support Files/Pods-CryptoTracker/Pods-CryptoTracker.release.xcconfig"; sourceTree = "<group>"; };
/* End PBXFileReference section */

/* Begin PBXFrameworksBuildPhase section */
		B8EE12A1228D389B00E75E02 /* Frameworks */ = {
			isa = PBXFrameworksBuildPhase;
			buildActionMask = 2147483647;
			files = (
			);
			runOnlyForDeploymentPostprocessing = 0;
		};
/* End PBXFrameworksBuildPhase section */

/* Begin PBXGroup section */
		47CFE78A86CD20336EA71AA3 /* Pods */ = {
			isa = PBXGroup;
			children = (
				5D8EA0CF8AD06FF1FF9947AF /* Pods-CryptoTracker.debug.xcconfig */,
				E078CDE6D1C8537F0D6D988E /* Pods-CryptoTracker.release.xcconfig */,
			);
			path = Pods;
			sourceTree = "<group>";
		};
		B8AB2341229652250067FEF0 /* ViewController */ = {
			isa = PBXGroup;
			children = (
				B8EE12A9228D389B00E75E02 /* ViewController.swift */,
				B8AB233C22951E6C0067FEF0 /* TransactionViewController.swift */,
				B8AB233E22952F3C0067FEF0 /* NewsViewController.swift */,
			);
			path = ViewController;
			sourceTree = "<group>";
		};
		B8EE129B228D389B00E75E02 = {
			isa = PBXGroup;
			children = (
				B8EE12A6228D389B00E75E02 /* CryptoTracker */,
				B8EE12A5228D389B00E75E02 /* Products */,
				47CFE78A86CD20336EA71AA3 /* Pods */,
			);
			sourceTree = "<group>";
		};
		B8EE12A5228D389B00E75E02 /* Products */ = {
			isa = PBXGroup;
			children = (
				B8EE12A4228D389B00E75E02 /* CryptoTracker.app */,
			);
			name = Products;
			sourceTree = "<group>";
		};
		B8EE12A6228D389B00E75E02 /* CryptoTracker */ = {
			isa = PBXGroup;
			children = (
				B8AB2341229652250067FEF0 /* ViewController */,
				B8EE12A7228D389B00E75E02 /* AppDelegate.swift */,
				B8EE12AB228D389B00E75E02 /* Main.storyboard */,
				B8EE12B0228D389C00E75E02 /* LaunchScreen.storyboard */,
				B8EE12AE228D389C00E75E02 /* Assets.xcassets */,
				B8EE12B3228D389C00E75E02 /* Info.plist */,
			);
			path = CryptoTracker;
			sourceTree = "<group>";
		};
/* End PBXGroup section */

/* Begin PBXNativeTarget section */
		B8EE12A3228D389B00E75E02 /* CryptoTracker */ = {
			isa = PBXNativeTarget;
			buildConfigurationList = B8EE12B6228D389C00E75E02 /* Build configuration list for PBXNativeTarget "CryptoTracker" */;
			buildPhases = (
				04B3B044DC01511DBF0AD9FF /* [CP] Check Pods Manifest.lock */,
				B8EE12A0228D389B00E75E02 /* Sources */,
				B8EE12A1228D389B00E75E02 /* Frameworks */,
				B8EE12A2228D389B00E75E02 /* Resources */,
				D7250F044CE760219751A851 /* [CP] Embed Pods Frameworks */,
			);
			buildRules = (
			);
			dependencies = (
			);
			name = CryptoTracker;
			productName = CryptoTracker;
			productReference = B8EE12A4228D389B00E75E02 /* CryptoTracker.app */;
			productType = "com.apple.product-type.application";
		};
/* End PBXNativeTarget section */

/* Begin PBXProject section */
		B8EE129C228D389B00E75E02 /* Project object */ = {
			isa = PBXProject;
			attributes = {
				LastSwiftUpdateCheck = 1020;
				LastUpgradeCheck = 1020;
				ORGANIZATIONNAME = UTS;
				TargetAttributes = {
					B8EE12A3228D389B00E75E02 = {
						CreatedOnToolsVersion = 10.2.1;
						LastSwiftMigration = 1020;
					};
				};
			};
			buildConfigurationList = B8EE129F228D389B00E75E02 /* Build configuration list for PBXProject "CryptoTracker" */;
			compatibilityVersion = "Xcode 9.3";
			developmentRegion = en;
			hasScannedForEncodings = 0;
			knownRegions = (
				en,
				Base,
			);
			mainGroup = B8EE129B228D389B00E75E02;
			productRefGroup = B8EE12A5228D389B00E75E02 /* Products */;
			projectDirPath = "";
			projectRoot = "";
			targets = (
				B8EE12A3228D389B00E75E02 /* CryptoTracker */,
			);
		};
/* End PBXProject section */

/* Begin PBXResourcesBuildPhase section */
		B8EE12A2228D389B00E75E02 /* Resources */ = {
			isa = PBXResourcesBuildPhase;
			buildActionMask = 2147483647;
			files = (
				B8EE12B2228D389C00E75E02 /* LaunchScreen.storyboard in Resources */,
				B8EE12AF228D389C00E75E02 /* Assets.xcassets in Resources */,
				B8EE12AD228D389B00E75E02 /* Main.storyboard in Resources */,
			);
			runOnlyForDeploymentPostprocessing = 0;
		};
/* End PBXResourcesBuildPhase section */

/* Begin PBXShellScriptBuildPhase section */
		04B3B044DC01511DBF0AD9FF /* [CP] Check Pods Manifest.lock */ = {
			isa = PBXShellScriptBuildPhase;
			buildActionMask = 2147483647;
			files = (
			);
			inputFileListPaths = (
			);
			inputPaths = (
				"${PODS_PODFILE_DIR_PATH}/Podfile.lock",
				"${PODS_ROOT}/Manifest.lock",
			);
			name = "[CP] Check Pods Manifest.lock";
			outputFileListPaths = (
			);
			outputPaths = (
				"$(DERIVED_FILE_DIR)/Pods-CryptoTracker-checkManifestLockResult.txt",
			);
			runOnlyForDeploymentPostprocessing = 0;
			shellPath = /bin/sh;
			shellScript = "diff \"${PODS_PODFILE_DIR_PATH}/Podfile.lock\" \"${PODS_ROOT}/Manifest.lock\" > /dev/null\nif [ $? != 0 ] ; then\n    # print error to STDERR\n    echo \"error: The sandbox is not in sync with the Podfile.lock. Run 'pod install' or update your CocoaPods installation.\" >&2\n    exit 1\nfi\n# This output is used by Xcode 'outputs' to avoid re-running this script phase.\necho \"SUCCESS\" > \"${SCRIPT_OUTPUT_FILE_0}\"\n";
			showEnvVarsInLog = 0;
		};
		D7250F044CE760219751A851 /* [CP] Embed Pods Frameworks */ = {
			isa = PBXShellScriptBuildPhase;
			buildActionMask = 2147483647;
			files = (
			);
			inputFileListPaths = (
				"${PODS_ROOT}/Target Support Files/Pods-CryptoTracker/Pods-CryptoTracker-frameworks-${CONFIGURATION}-input-files.xcfilelist",
			);
			name = "[CP] Embed Pods Frameworks";
			outputFileListPaths = (
				"${PODS_ROOT}/Target Support Files/Pods-CryptoTracker/Pods-CryptoTracker-frameworks-${CONFIGURATION}-output-files.xcfilelist",
			);
			runOnlyForDeploymentPostprocessing = 0;
			shellPath = /bin/sh;
			shellScript = "\"${PODS_ROOT}/Target Support Files/Pods-CryptoTracker/Pods-CryptoTracker-frameworks.sh\"\n";
			showEnvVarsInLog = 0;
		};
/* End PBXShellScriptBuildPhase section */

/* Begin PBXSourcesBuildPhase section */
		B8EE12A0228D389B00E75E02 /* Sources */ = {
			isa = PBXSourcesBuildPhase;
			buildActionMask = 2147483647;
			files = (
				B8EE12AA228D389B00E75E02 /* ViewController.swift in Sources */,
				B8AB233D22951E6C0067FEF0 /* TransactionViewController.swift in Sources */,
				B8EE12A8228D389B00E75E02 /* AppDelegate.swift in Sources */,
				B8AB233F22952F3C0067FEF0 /* NewsViewController.swift in Sources */,
			);
			runOnlyForDeploymentPostprocessing = 0;
		};
/* End PBXSourcesBuildPhase section */

/* Begin PBXVariantGroup section */
		B8EE12AB228D389B00E75E02 /* Main.storyboard */ = {
			isa = PBXVariantGroup;
			children = (
				B8EE12AC228D389B00E75E02 /* Base */,
			);
			name = Main.storyboard;
			sourceTree = "<group>";
		};
		B8EE12B0228D389C00E75E02 /* LaunchScreen.storyboard */ = {
			isa = PBXVariantGroup;
			children = (
				B8EE12B1228D389C00E75E02 /* Base */,
			);
			name = LaunchScreen.storyboard;
			sourceTree = "<group>";
		};
/* End PBXVariantGroup section */

/* Begin XCBuildConfiguration section */
		B8EE12B4228D389C00E75E02 /* Debug */ = {
			isa = XCBuildConfiguration;
			buildSettings = {
				ALWAYS_SEARCH_USER_PATHS = NO;
				CLANG_ANALYZER_NONNULL = YES;
				CLANG_ANALYZER_NUMBER_OBJECT_CONVERSION = YES_AGGRESSIVE;
				CLANG_CXX_LANGUAGE_STANDARD = "gnu++14";
				CLANG_CXX_LIBRARY = "libc++";
				CLANG_ENABLE_MODULES = YES;
				CLANG_ENABLE_OBJC_ARC = YES;
				CLANG_ENABLE_OBJC_WEAK = YES;
				CLANG_WARN_BLOCK_CAPTURE_AUTORELEASING = YES;
				CLANG_WARN_BOOL_CONVERSION = YES;
				CLANG_WARN_COMMA = YES;
				CLANG_WARN_CONSTANT_CONVERSION = YES;
				CLANG_WARN_DEPRECATED_OBJC_IMPLEMENTATIONS = YES;
				CLANG_WARN_DIRECT_OBJC_ISA_USAGE = YES_ERROR;
				CLANG_WARN_DOCUMENTATION_COMMENTS = YES;
				CLANG_WARN_EMPTY_BODY = YES;
				CLANG_WARN_ENUM_CONVERSION = YES;
				CLANG_WARN_INFINITE_RECURSION = YES;
				CLANG_WARN_INT_CONVERSION = YES;
				CLANG_WARN_NON_LITERAL_NULL_CONVERSION = YES;
				CLANG_WARN_OBJC_IMPLICIT_RETAIN_SELF = YES;
				CLANG_WARN_OBJC_LITERAL_CONVERSION = YES;
				CLANG_WARN_OBJC_ROOT_CLASS = YES_ERROR;
				CLANG_WARN_RANGE_LOOP_ANALYSIS = YES;
				CLANG_WARN_STRICT_PROTOTYPES = YES;
				CLANG_WARN_SUSPICIOUS_MOVE = YES;
				CLANG_WARN_UNGUARDED_AVAILABILITY = YES_AGGRESSIVE;
				CLANG_WARN_UNREACHABLE_CODE = YES;
				CLANG_WARN__DUPLICATE_METHOD_MATCH = YES;
				CODE_SIGN_IDENTITY = "iPhone Developer";
				COPY_PHASE_STRIP = NO;
				DEBUG_INFORMATION_FORMAT = dwarf;
				ENABLE_STRICT_OBJC_MSGSEND = YES;
				ENABLE_TESTABILITY = YES;
				GCC_C_LANGUAGE_STANDARD = gnu11;
				GCC_DYNAMIC_NO_PIC = NO;
				GCC_NO_COMMON_BLOCKS = YES;
				GCC_OPTIMIZATION_LEVEL = 0;
				GCC_PREPROCESSOR_DEFINITIONS = (
					"DEBUG=1",
					"$(inherited)",
				);
				GCC_WARN_64_TO_32_BIT_CONVERSION = YES;
				GCC_WARN_ABOUT_RETURN_TYPE = YES_ERROR;
				GCC_WARN_UNDECLARED_SELECTOR = YES;
				GCC_WARN_UNINITIALIZED_AUTOS = YES_AGGRESSIVE;
				GCC_WARN_UNUSED_FUNCTION = YES;
				GCC_WARN_UNUSED_VARIABLE = YES;
				IPHONEOS_DEPLOYMENT_TARGET = 12.2;
				MTL_ENABLE_DEBUG_INFO = INCLUDE_SOURCE;
				MTL_FAST_MATH = YES;
				ONLY_ACTIVE_ARCH = YES;
				SDKROOT = iphoneos;
				SWIFT_ACTIVE_COMPILATION_CONDITIONS = DEBUG;
				SWIFT_OPTIMIZATION_LEVEL = "-Onone";
			};
			name = Debug;
		};
		B8EE12B5228D389C00E75E02 /* Release */ = {
			isa = XCBuildConfiguration;
			buildSettings = {
				ALWAYS_SEARCH_USER_PATHS = NO;
				CLANG_ANALYZER_NONNULL = YES;
				CLANG_ANALYZER_NUMBER_OBJECT_CONVERSION = YES_AGGRESSIVE;
				CLANG_CXX_LANGUAGE_STANDARD = "gnu++14";
				CLANG_CXX_LIBRARY = "libc++";
				CLANG_ENABLE_MODULES = YES;
				CLANG_ENABLE_OBJC_ARC = YES;
				CLANG_ENABLE_OBJC_WEAK = YES;
				CLANG_WARN_BLOCK_CAPTURE_AUTORELEASING = YES;
				CLANG_WARN_BOOL_CONVERSION = YES;
				CLANG_WARN_COMMA = YES;
				CLANG_WARN_CONSTANT_CONVERSION = YES;
				CLANG_WARN_DEPRECATED_OBJC_IMPLEMENTATIONS = YES;
				CLANG_WARN_DIRECT_OBJC_ISA_USAGE = YES_ERROR;
				CLANG_WARN_DOCUMENTATION_COMMENTS = YES;
				CLANG_WARN_EMPTY_BODY = YES;
				CLANG_WARN_ENUM_CONVERSION = YES;
				CLANG_WARN_INFINITE_RECURSION = YES;
				CLANG_WARN_INT_CONVERSION = YES;
				CLANG_WARN_NON_LITERAL_NULL_CONVERSION = YES;
				CLANG_WARN_OBJC_IMPLICIT_RETAIN_SELF = YES;
				CLANG_WARN_OBJC_LITERAL_CONVERSION = YES;
				CLANG_WARN_OBJC_ROOT_CLASS = YES_ERROR;
				CLANG_WARN_RANGE_LOOP_ANALYSIS = YES;
				CLANG_WARN_STRICT_PROTOTYPES = YES;
				CLANG_WARN_SUSPICIOUS_MOVE = YES;
				CLANG_WARN_UNGUARDED_AVAILABILITY = YES_AGGRESSIVE;
				CLANG_WARN_UNREACHABLE_CODE = YES;
				CLANG_WARN__DUPLICATE_METHOD_MATCH = YES;
				CODE_SIGN_IDENTITY = "iPhone Developer";
				COPY_PHASE_STRIP = NO;
				DEBUG_INFORMATION_FORMAT = "dwarf-with-dsym";
				ENABLE_NS_ASSERTIONS = NO;
				ENABLE_STRICT_OBJC_MSGSEND = YES;
				GCC_C_LANGUAGE_STANDARD = gnu11;
				GCC_NO_COMMON_BLOCKS = YES;
				GCC_WARN_64_TO_32_BIT_CONVERSION = YES;
				GCC_WARN_ABOUT_RETURN_TYPE = YES_ERROR;
				GCC_WARN_UNDECLARED_SELECTOR = YES;
				GCC_WARN_UNINITIALIZED_AUTOS = YES_AGGRESSIVE;
				GCC_WARN_UNUSED_FUNCTION = YES;
				GCC_WARN_UNUSED_VARIABLE = YES;
				IPHONEOS_DEPLOYMENT_TARGET = 12.2;
				MTL_ENABLE_DEBUG_INFO = NO;
				MTL_FAST_MATH = YES;
				SDKROOT = iphoneos;
				SWIFT_COMPILATION_MODE = wholemodule;
				SWIFT_OPTIMIZATION_LEVEL = "-O";
				VALIDATE_PRODUCT = YES;
			};
			name = Release;
		};
		B8EE12B7228D389C00E75E02 /* Debug */ = {
			isa = XCBuildConfiguration;
			baseConfigurationReference = 5D8EA0CF8AD06FF1FF9947AF /* Pods-CryptoTracker.debug.xcconfig */;
			buildSettings = {
				ASSETCATALOG_COMPILER_APPICON_NAME = AppIcon;
				CODE_SIGN_STYLE = Automatic;
				DEVELOPMENT_TEAM = R768H2BL27;
				INFOPLIST_FILE = CryptoTracker/Info.plist;
				IPHONEOS_DEPLOYMENT_TARGET = 12.1;
				LD_RUNPATH_SEARCH_PATHS = (
					"$(inherited)",
					"@executable_path/Frameworks",
				);
				PRODUCT_BUNDLE_IDENTIFIER = alex.CryptoTracker;
				PRODUCT_NAME = "$(TARGET_NAME)";
				SWIFT_VERSION = 4.2;
				TARGETED_DEVICE_FAMILY = "1,2";
			};
			name = Debug;
		};
		B8EE12B8228D389C00E75E02 /* Release */ = {
			isa = XCBuildConfiguration;
			baseConfigurationReference = E078CDE6D1C8537F0D6D988E /* Pods-CryptoTracker.release.xcconfig */;
			buildSettings = {
				ASSETCATALOG_COMPILER_APPICON_NAME = AppIcon;
				CODE_SIGN_STYLE = Automatic;
				DEVELOPMENT_TEAM = R768H2BL27;
				INFOPLIST_FILE = CryptoTracker/Info.plist;
				IPHONEOS_DEPLOYMENT_TARGET = 12.1;
				LD_RUNPATH_SEARCH_PATHS = (
					"$(inherited)",
					"@executable_path/Frameworks",
				);
				PRODUCT_BUNDLE_IDENTIFIER = alex.CryptoTracker;
				PRODUCT_NAME = "$(TARGET_NAME)";
				SWIFT_VERSION = 4.2;
				TARGETED_DEVICE_FAMILY = "1,2";
			};
			name = Release;
		};
/* End XCBuildConfiguration section */

/* Begin XCConfigurationList section */
		B8EE129F228D389B00E75E02 /* Build configuration list for PBXProject "CryptoTracker" */ = {
			isa = XCConfigurationList;
			buildConfigurations = (
				B8EE12B4228D389C00E75E02 /* Debug */,
				B8EE12B5228D389C00E75E02 /* Release */,
			);
			defaultConfigurationIsVisible = 0;
			defaultConfigurationName = Release;
		};
		B8EE12B6228D389C00E75E02 /* Build configuration list for PBXNativeTarget "CryptoTracker" */ = {
			isa = XCConfigurationList;
			buildConfigurations = (
				B8EE12B7228D389C00E75E02 /* Debug */,
				B8EE12B8228D389C00E75E02 /* Release */,
			);
			defaultConfigurationIsVisible = 0;
			defaultConfigurationName = Release;
		};
/* End XCConfigurationList section */
	};
	rootObject = B8EE129C228D389B00E75E02 /* Project object */;
}
